Microsoft Visual Studio Solution File, Format Version 12.00
# Visual Studio Version 17
VisualStudioVersion = 17.5.2.0
MinimumVisualStudioVersion = 10.0.40219.1
Project("{FAE04EC0-301F-11D3-BF4B-00C04F79EFBC}") = "ThiTracNghiemApi", "ThiTracNghiemApi.csproj", "{D8300E0B-CFB1-E64B-C6EE-FFA9FA8C7D12}"
EndProject
Global
	GlobalSection(SolutionConfigurationPlatforms) = preSolution
		Debug|Any CPU = Debug|Any CPU
		Release|Any CPU = Release|Any CPU
	EndGlobalSection
	GlobalSection(ProjectConfigurationPlatforms) = postSolution
		{D8300E0B-CFB1-E64B-C6EE-FFA9FA8C7D12}.Debug|Any CPU.ActiveCfg = Debug|Any CPU
		{D8300E0B-CFB1-E64B-C6EE-FFA9FA8C7D12}.Debug|Any CPU.Build.0 = Debug|Any CPU
		{D8300E0B-CFB1-E64B-C6EE-FFA9FA8C7D12}.Release|Any CPU.ActiveCfg = Release|Any CPU
		{D8300E0B-CFB1-E64B-C6EE-FFA9FA8C7D12}.Release|Any CPU.Build.0 = Release|Any CPU
	EndGlobalSection
	GlobalSection(SolutionProperties) = preSolution
		HideSolutionNode = FALSE
	EndGlobalSection
	GlobalSection(ExtensibilityGlobals) = postSolution
		SolutionGuid = {049E813A-F1B1-4274-A880-50D19DC935FF}
	EndGlobalSection
EndGlobal
